// !$*UTF8*$!
{
	archiveVersion = 1;
	classes = {
	};
	objectVersion = 55;
	objects = {

/* Begin PBXBuildFile section */
		322C83C4282C4BE600D1D495 /* DayPickerView.swift in Sources */ = {isa = PBXBuildFile; fileRef = 322C83C3282C4BE600D1D495 /* DayPickerView.swift */; };
		328C90B92829791A00AE8BF4 /* Menus.swift in Sources */ = {isa = PBXBuildFile; fileRef = 328C90B82829791A00AE8BF4 /* Menus.swift */; };
		328C90BB28297C1700AE8BF4 /* DisplayMode.swift in Sources */ = {isa = PBXBuildFile; fileRef = 328C90BA28297C1700AE8BF4 /* DisplayMode.swift */; };
		328C90BE28297E3C00AE8BF4 /* Toolbar.swift in Sources */ = {isa = PBXBuildFile; fileRef = 328C90BD28297E3C00AE8BF4 /* Toolbar.swift */; };
		328C90C0282986EA00AE8BF4 /* TableView.swift in Sources */ = {isa = PBXBuildFile; fileRef = 328C90BF282986EA00AE8BF4 /* TableView.swift */; };
		32CE026C2829636C00EFD22C /* OnThisDayApp.swift in Sources */ = {isa = PBXBuildFile; fileRef = 32CE026B2829636C00EFD22C /* OnThisDayApp.swift */; };
		32CE026E2829636C00EFD22C /* ContentView.swift in Sources */ = {isa = PBXBuildFile; fileRef = 32CE026D2829636C00EFD22C /* ContentView.swift */; };
		32CE02702829636D00EFD22C /* Assets.xcassets in Resources */ = {isa = PBXBuildFile; fileRef = 32CE026F2829636D00EFD22C /* Assets.xcassets */; };
		32CE02732829636D00EFD22C /* Preview Assets.xcassets in Resources */ = {isa = PBXBuildFile; fileRef = 32CE02722829636D00EFD22C /* Preview Assets.xcassets */; };
		32CE027F2829647500EFD22C /* AppState.swift in Sources */ = {isa = PBXBuildFile; fileRef = 32CE027B2829647500EFD22C /* AppState.swift */; };
		32CE02802829647500EFD22C /* Event.swift in Sources */ = {isa = PBXBuildFile; fileRef = 32CE027C2829647500EFD22C /* Event.swift */; };
		32CE02812829647500EFD22C /* EventLink.swift in Sources */ = {isa = PBXBuildFile; fileRef = 32CE027D2829647500EFD22C /* EventLink.swift */; };
		32CE02822829647500EFD22C /* Day.swift in Sources */ = {isa = PBXBuildFile; fileRef = 32CE027E2829647500EFD22C /* Day.swift */; };
		32CE02862829647D00EFD22C /* String_decoded.swift in Sources */ = {isa = PBXBuildFile; fileRef = 32CE02842829647D00EFD22C /* String_decoded.swift */; };
		32CE02872829647D00EFD22C /* Networker.swift in Sources */ = {isa = PBXBuildFile; fileRef = 32CE02852829647D00EFD22C /* Networker.swift */; };
		32CE02892829660300EFD22C /* SidebarView.swift in Sources */ = {isa = PBXBuildFile; fileRef = 32CE02882829660300EFD22C /* SidebarView.swift */; };
		32CE028C2829678400EFD22C /* EventView.swift in Sources */ = {isa = PBXBuildFile; fileRef = 32CE028B2829678400EFD22C /* EventView.swift */; };
		32CE028E282967D300EFD22C /* SampleEvent.swift in Sources */ = {isa = PBXBuildFile; fileRef = 32CE028D282967D300EFD22C /* SampleEvent.swift */; };
		32CE0290282974E700EFD22C /* GridView.swift in Sources */ = {isa = PBXBuildFile; fileRef = 32CE028F282974E700EFD22C /* GridView.swift */; };
/* End PBXBuildFile section */

/* Begin PBXFileReference section */
		322C83C3282C4BE600D1D495 /* DayPickerView.swift */ = {isa = PBXFileReference; lastKnownFileType = sourcecode.swift; path = DayPickerView.swift; sourceTree = "<group>"; };
		328C90B82829791A00AE8BF4 /* Menus.swift */ = {isa = PBXFileReference; lastKnownFileType = sourcecode.swift; path = Menus.swift; sourceTree = "<group>"; };
		328C90BA28297C1700AE8BF4 /* DisplayMode.swift */ = {isa = PBXFileReference; lastKnownFileType = sourcecode.swift; path = DisplayMode.swift; sourceTree = "<group>"; };
		328C90BD28297E3C00AE8BF4 /* Toolbar.swift */ = {isa = PBXFileReference; lastKnownFileType = sourcecode.swift; path = Toolbar.swift; sourceTree = "<group>"; };
		328C90BF282986EA00AE8BF4 /* TableView.swift */ = {isa = PBXFileReference; lastKnownFileType = sourcecode.swift; path = TableView.swift; sourceTree = "<group>"; };
		32CE02682829636C00EFD22C /* OnThisDay.app */ = {isa = PBXFileReference; explicitFileType = wrapper.application; includeInIndex = 0; path = OnThisDay.app; sourceTree = BUILT_PRODUCTS_DIR; };
		32CE026B2829636C00EFD22C /* OnThisDayApp.swift */ = {isa = PBXFileReference; lastKnownFileType = sourcecode.swift; path = OnThisDayApp.swift; sourceTree = "<group>"; };
		32CE026D2829636C00EFD22C /* ContentView.swift */ = {isa = PBXFileReference; lastKnownFileType = sourcecode.swift; path = ContentView.swift; sourceTree = "<group>"; };
		32CE026F2829636D00EFD22C /* Assets.xcassets */ = {isa = PBXFileReference; lastKnownFileType = folder.assetcatalog; path = Assets.xcassets; sourceTree = "<group>"; };
		32CE02722829636D00EFD22C /* Preview Assets.xcassets */ = {isa = PBXFileReference; lastKnownFileType = folder.assetcatalog; path = "Preview Assets.xcassets"; sourceTree = "<group>"; };
		32CE02742829636D00EFD22C /* OnThisDay.entitlements */ = {isa = PBXFileReference; lastKnownFileType = text.plist.entitlements; path = OnThisDay.entitlements; sourceTree = "<group>"; };
		32CE027B2829647500EFD22C /* AppState.swift */ = {isa = PBXFileReference; fileEncoding = 4; lastKnownFileType = sourcecode.swift; path = AppState.swift; sourceTree = "<group>"; };
		32CE027C2829647500EFD22C /* Event.swift */ = {isa = PBXFileReference; fileEncoding = 4; lastKnownFileType = sourcecode.swift; path = Event.swift; sourceTree = "<group>"; };
		32CE027D2829647500EFD22C /* EventLink.swift */ = {isa = PBXFileReference; fileEncoding = 4; lastKnownFileType = sourcecode.swift; path = EventLink.swift; sourceTree = "<group>"; };
		32CE027E2829647500EFD22C /* Day.swift */ = {isa = PBXFileReference; fileEncoding = 4; lastKnownFileType = sourcecode.swift; path = Day.swift; sourceTree = "<group>"; };
		32CE02842829647D00EFD22C /* String_decoded.swift */ = {isa = PBXFileReference; fileEncoding = 4; lastKnownFileType = sourcecode.swift; path = String_decoded.swift; sourceTree = "<group>"; };
		32CE02852829647D00EFD22C /* Networker.swift */ = {isa = PBXFileReference; fileEncoding = 4; lastKnownFileType = sourcecode.swift; path = Networker.swift; sourceTree = "<group>"; };
		32CE02882829660300EFD22C /* SidebarView.swift */ = {isa = PBXFileReference; lastKnownFileType = sourcecode.swift; path = SidebarView.swift; sourceTree = "<group>"; };
		32CE028B2829678400EFD22C /* EventView.swift */ = {isa = PBXFileReference; lastKnownFileType = sourcecode.swift; path = EventView.swift; sourceTree = "<group>"; };
		32CE028D282967D300EFD22C /* SampleEvent.swift */ = {isa = PBXFileReference; fileEncoding = 4; lastKnownFileType = sourcecode.swift; path = SampleEvent.swift; sourceTree = "<group>"; };
		32CE028F282974E700EFD22C /* GridView.swift */ = {isa = PBXFileReference; lastKnownFileType = sourcecode.swift; path = GridView.swift; sourceTree = "<group>"; };
/* End PBXFileReference section */

/* Begin PBXFrameworksBuildPhase section */
		32CE02652829636C00EFD22C /* Frameworks */ = {
			isa = PBXFrameworksBuildPhase;
			buildActionMask = 2147483647;
			files = (
			);
			runOnlyForDeploymentPostprocessing = 0;
		};
/* End PBXFrameworksBuildPhase section */

/* Begin PBXGroup section */
		328C90BC28297E2300AE8BF4 /* Controls */ = {
			isa = PBXGroup;
			children = (
				328C90BD28297E3C00AE8BF4 /* Toolbar.swift */,
				328C90B82829791A00AE8BF4 /* Menus.swift */,
			);
			path = Controls;
			sourceTree = "<group>";
		};
		32CE025F2829636C00EFD22C = {
			isa = PBXGroup;
			children = (
				32CE026A2829636C00EFD22C /* OnThisDay */,
				32CE02692829636C00EFD22C /* Products */,
			);
			sourceTree = "<group>";
		};
		32CE02692829636C00EFD22C /* Products */ = {
			isa = PBXGroup;
			children = (
				32CE02682829636C00EFD22C /* OnThisDay.app */,
			);
			name = Products;
			sourceTree = "<group>";
		};
		32CE026A2829636C00EFD22C /* OnThisDay */ = {
			isa = PBXGroup;
			children = (
				32CE02742829636D00EFD22C /* OnThisDay.entitlements */,
				32CE026B2829636C00EFD22C /* OnThisDayApp.swift */,
				32CE026F2829636D00EFD22C /* Assets.xcassets */,
				328C90BC28297E2300AE8BF4 /* Controls */,
				32CE027A2829647500EFD22C /* Models */,
				32CE02712829636D00EFD22C /* Preview Content */,
				32CE02832829647D00EFD22C /* Utilities */,
				32CE028A2829661E00EFD22C /* Views */,
			);
			path = OnThisDay;
			sourceTree = "<group>";
		};
		32CE02712829636D00EFD22C /* Preview Content */ = {
			isa = PBXGroup;
			children = (
				32CE028D282967D300EFD22C /* SampleEvent.swift */,
				32CE02722829636D00EFD22C /* Preview Assets.xcassets */,
			);
			path = "Preview Content";
			sourceTree = "<group>";
		};
		32CE027A2829647500EFD22C /* Models */ = {
			isa = PBXGroup;
			children = (
				32CE027B2829647500EFD22C /* AppState.swift */,
				32CE027C2829647500EFD22C /* Event.swift */,
				32CE027D2829647500EFD22C /* EventLink.swift */,
				32CE027E2829647500EFD22C /* Day.swift */,
				328C90BA28297C1700AE8BF4 /* DisplayMode.swift */,
			);
			path = Models;
			sourceTree = "<group>";
		};
		32CE02832829647D00EFD22C /* Utilities */ = {
			isa = PBXGroup;
			children = (
				32CE02842829647D00EFD22C /* String_decoded.swift */,
				32CE02852829647D00EFD22C /* Networker.swift */,
			);
			path = Utilities;
			sourceTree = "<group>";
		};
		32CE028A2829661E00EFD22C /* Views */ = {
			isa = PBXGroup;
			children = (
				32CE02882829660300EFD22C /* SidebarView.swift */,
				32CE026D2829636C00EFD22C /* ContentView.swift */,
				32CE028B2829678400EFD22C /* EventView.swift */,
				32CE028F282974E700EFD22C /* GridView.swift */,
				328C90BF282986EA00AE8BF4 /* TableView.swift */,
				322C83C3282C4BE600D1D495 /* DayPickerView.swift */,
			);
			path = Views;
			sourceTree = "<group>";
		};
/* End PBXGroup section */

/* Begin PBXNativeTarget section */
		32CE02672829636C00EFD22C /* OnThisDay */ = {
			isa = PBXNativeTarget;
			buildConfigurationList = 32CE02772829636D00EFD22C /* Build configuration list for PBXNativeTarget "OnThisDay" */;
			buildPhases = (
				32CE02642829636C00EFD22C /* Sources */,
				32CE02652829636C00EFD22C /* Frameworks */,
				32CE02662829636C00EFD22C /* Resources */,
			);
			buildRules = (
			);
			dependencies = (
			);
			name = OnThisDay;
			productName = OnThisDay;
			productReference = 32CE02682829636C00EFD22C /* OnThisDay.app */;
			productType = "com.apple.product-type.application";
		};
/* End PBXNativeTarget section */

/* Begin PBXProject section */
		32CE02602829636C00EFD22C /* Project object */ = {
			isa = PBXProject;
			attributes = {
				BuildIndependentTargetsInParallel = 1;
				LastSwiftUpdateCheck = 1330;
				LastUpgradeCheck = 1330;
				TargetAttributes = {
					32CE02672829636C00EFD22C = {
						CreatedOnToolsVersion = 13.3.1;
					};
				};
			};
			buildConfigurationList = 32CE02632829636C00EFD22C /* Build configuration list for PBXProject "OnThisDay" */;
			compatibilityVersion = "Xcode 13.0";
			developmentRegion = en;
			hasScannedForEncodings = 0;
			knownRegions = (
				en,
				Base,
			);
			mainGroup = 32CE025F2829636C00EFD22C;
			productRefGroup = 32CE02692829636C00EFD22C /* Products */;
			projectDirPath = "";
			projectRoot = "";
			targets = (
				32CE02672829636C00EFD22C /* OnThisDay */,
			);
		};
/* End PBXProject section */

/* Begin PBXResourcesBuildPhase section */
		32CE02662829636C00EFD22C /* Resources */ = {
			isa = PBXResourcesBuildPhase;
			buildActionMask = 2147483647;
			files = (
				32CE02732829636D00EFD22C /* Preview Assets.xcassets in Resources */,
				32CE02702829636D00EFD22C /* Assets.xcassets in Resources */,
			);
			runOnlyForDeploymentPostprocessing = 0;
		};
/* End PBXResourcesBuildPhase section */

/* Begin PBXSourcesBuildPhase section */
		32CE02642829636C00EFD22C /* Sources */ = {
			isa = PBXSourcesBuildPhase;
			buildActionMask = 2147483647;
			files = (
				32CE02862829647D00EFD22C /* String_decoded.swift in Sources */,
				328C90BB28297C1700AE8BF4 /* DisplayMode.swift in Sources */,
				32CE02802829647500EFD22C /* Event.swift in Sources */,
				32CE027F2829647500EFD22C /* AppState.swift in Sources */,
				328C90B92829791A00AE8BF4 /* Menus.swift in Sources */,
				32CE02872829647D00EFD22C /* Networker.swift in Sources */,
				32CE02822829647500EFD22C /* Day.swift in Sources */,
				322C83C4282C4BE600D1D495 /* DayPickerView.swift in Sources */,
				32CE02892829660300EFD22C /* SidebarView.swift in Sources */,
				32CE026E2829636C00EFD22C /* ContentView.swift in Sources */,
				32CE02812829647500EFD22C /* EventLink.swift in Sources */,
				32CE026C2829636C00EFD22C /* OnThisDayApp.swift in Sources */,
				32CE028C2829678400EFD22C /* EventView.swift in Sources */,
				328C90BE28297E3C00AE8BF4 /* Toolbar.swift in Sources */,
				328C90C0282986EA00AE8BF4 /* TableView.swift in Sources */,
				32CE0290282974E700EFD22C /* GridView.swift in Sources */,
				32CE028E282967D300EFD22C /* SampleEvent.swift in Sources */,
			);
			runOnlyForDeploymentPostprocessing = 0;
		};
/* End PBXSourcesBuildPhase section */

/* Begin XCBuildConfiguration section */
		32CE02752829636D00EFD22C /* Debug */ = {
			isa = XCBuildConfiguration;
			buildSettings = {
				ALWAYS_SEARCH_USER_PATHS = NO;
				CLANG_ANALYZER_NONNULL = YES;
				CLANG_ANALYZER_NUMBER_OBJECT_CONVERSION = YES_AGGRESSIVE;
				CLANG_CXX_LANGUAGE_STANDARD = "gnu++17";
				CLANG_ENABLE_MODULES = YES;
				CLANG_ENABLE_OBJC_ARC = YES;
				CLANG_ENABLE_OBJC_WEAK = YES;
				CLANG_WARN_BLOCK_CAPTURE_AUTORELEASING = YES;
				CLANG_WARN_BOOL_CONVERSION = YES;
				CLANG_WARN_COMMA = YES;
				CLANG_WARN_CONSTANT_CONVERSION = YES;
				CLANG_WARN_DEPRECATED_OBJC_IMPLEMENTATIONS = YES;
				CLANG_WARN_DIRECT_OBJC_ISA_USAGE = YES_ERROR;
				CLANG_WARN_DOCUMENTATION_COMMENTS = YES;
				CLANG_WARN_EMPTY_BODY = YES;
				CLANG_WARN_ENUM_CONVERSION = YES;
				CLANG_WARN_INFINITE_RECURSION = YES;
				CLANG_WARN_INT_CONVERSION = YES;
				CLANG_WARN_NON_LITERAL_NULL_CONVERSION = YES;
				CLANG_WARN_OBJC_IMPLICIT_RETAIN_SELF = YES;
				CLANG_WARN_OBJC_LITERAL_CONVERSION = YES;
				CLANG_WARN_OBJC_ROOT_CLASS = YES_ERROR;
				CLANG_WARN_QUOTED_INCLUDE_IN_FRAMEWORK_HEADER = YES;
				CLANG_WARN_RANGE_LOOP_ANALYSIS = YES;
				CLANG_WARN_STRICT_PROTOTYPES = YES;
				CLANG_WARN_SUSPICIOUS_MOVE = YES;
				CLANG_WARN_UNGUARDED_AVAILABILITY = YES_AGGRESSIVE;
				CLANG_WARN_UNREACHABLE_CODE = YES;
				CLANG_WARN__DUPLICATE_METHOD_MATCH = YES;
				COPY_PHASE_STRIP = NO;
				DEBUG_INFORMATION_FORMAT = dwarf;
				ENABLE_STRICT_OBJC_MSGSEND = YES;
				ENABLE_TESTABILITY = YES;
				GCC_C_LANGUAGE_STANDARD = gnu11;
				GCC_DYNAMIC_NO_PIC = NO;
				GCC_NO_COMMON_BLOCKS = YES;
				GCC_OPTIMIZATION_LEVEL = 0;
				GCC_PREPROCESSOR_DEFINITIONS = (
					"DEBUG=1",
					"$(inherited)",
				);
				GCC_WARN_64_TO_32_BIT_CONVERSION = YES;
				GCC_WARN_ABOUT_RETURN_TYPE = YES_ERROR;
				GCC_WARN_UNDECLARED_SELECTOR = YES;
				GCC_WARN_UNINITIALIZED_AUTOS = YES_AGGRESSIVE;
				GCC_WARN_UNUSED_FUNCTION = YES;
				GCC_WARN_UNUSED_VARIABLE = YES;
				MACOSX_DEPLOYMENT_TARGET = 12.3;
				MTL_ENABLE_DEBUG_INFO = INCLUDE_SOURCE;
				MTL_FAST_MATH = YES;
				ONLY_ACTIVE_ARCH = YES;
				SDKROOT = macosx;
				SWIFT_ACTIVE_COMPILATION_CONDITIONS = DEBUG;
				SWIFT_OPTIMIZATION_LEVEL = "-Onone";
			};
			name = Debug;
		};
		32CE02762829636D00EFD22C /* Release */ = {
			isa = XCBuildConfiguration;
			buildSettings = {
				ALWAYS_SEARCH_USER_PATHS = NO;
				CLANG_ANALYZER_NONNULL = YES;
				CLANG_ANALYZER_NUMBER_OBJECT_CONVERSION = YES_AGGRESSIVE;
				CLANG_CXX_LANGUAGE_STANDARD = "gnu++17";
				CLANG_ENABLE_MODULES = YES;
				CLANG_ENABLE_OBJC_ARC = YES;
				CLANG_ENABLE_OBJC_WEAK = YES;
				CLANG_WARN_BLOCK_CAPTURE_AUTORELEASING = YES;
				CLANG_WARN_BOOL_CONVERSION = YES;
				CLANG_WARN_COMMA = YES;
				CLANG_WARN_CONSTANT_CONVERSION = YES;
				CLANG_WARN_DEPRECATED_OBJC_IMPLEMENTATIONS = YES;
				CLANG_WARN_DIRECT_OBJC_ISA_USAGE = YES_ERROR;
				CLANG_WARN_DOCUMENTATION_COMMENTS = YES;
				CLANG_WARN_EMPTY_BODY = YES;
				CLANG_WARN_ENUM_CONVERSION = YES;
				CLANG_WARN_INFINITE_RECURSION = YES;
				CLANG_WARN_INT_CONVERSION = YES;
				CLANG_WARN_NON_LITERAL_NULL_CONVERSION = YES;
				CLANG_WARN_OBJC_IMPLICIT_RETAIN_SELF = YES;
				CLANG_WARN_OBJC_LITERAL_CONVERSION = YES;
				CLANG_WARN_OBJC_ROOT_CLASS = YES_ERROR;
				CLANG_WARN_QUOTED_INCLUDE_IN_FRAMEWORK_HEADER = YES;
				CLANG_WARN_RANGE_LOOP_ANALYSIS = YES;
				CLANG_WARN_STRICT_PROTOTYPES = YES;
				CLANG_WARN_SUSPICIOUS_MOVE = YES;
				CLANG_WARN_UNGUARDED_AVAILABILITY = YES_AGGRESSIVE;
				CLANG_WARN_UNREACHABLE_CODE = YES;
				CLANG_WARN__DUPLICATE_METHOD_MATCH = YES;
				COPY_PHASE_STRIP = NO;
				DEBUG_INFORMATION_FORMAT = "dwarf-with-dsym";
				ENABLE_NS_ASSERTIONS = NO;
				ENABLE_STRICT_OBJC_MSGSEND = YES;
				GCC_C_LANGUAGE_STANDARD = gnu11;
				GCC_NO_COMMON_BLOCKS = YES;
				GCC_WARN_64_TO_32_BIT_CONVERSION = YES;
				GCC_WARN_ABOUT_RETURN_TYPE = YES_ERROR;
				GCC_WARN_UNDECLARED_SELECTOR = YES;
				GCC_WARN_UNINITIALIZED_AUTOS = YES_AGGRESSIVE;
				GCC_WARN_UNUSED_FUNCTION = YES;
				GCC_WARN_UNUSED_VARIABLE = YES;
				MACOSX_DEPLOYMENT_TARGET = 12.3;
				MTL_ENABLE_DEBUG_INFO = NO;
				MTL_FAST_MATH = YES;
				SDKROOT = macosx;
				SWIFT_COMPILATION_MODE = wholemodule;
				SWIFT_OPTIMIZATION_LEVEL = "-O";
			};
			name = Release;
		};
		32CE02782829636D00EFD22C /* Debug */ = {
			isa = XCBuildConfiguration;
			buildSettings = {
				ASSETCATALOG_COMPILER_APPICON_NAME = AppIcon;
				ASSETCATALOG_COMPILER_GLOBAL_ACCENT_COLOR_NAME = AccentColor;
				CODE_SIGN_ENTITLEMENTS = OnThisDay/OnThisDay.entitlements;
				CODE_SIGN_STYLE = Automatic;
				COMBINE_HIDPI_IMAGES = YES;
				CURRENT_PROJECT_VERSION = 1;
				DEVELOPMENT_ASSET_PATHS = "\"OnThisDay/Preview Content\"";
				DEVELOPMENT_TEAM = 2357A78TMR;
				ENABLE_HARDENED_RUNTIME = YES;
				ENABLE_PREVIEWS = YES;
				GENERATE_INFOPLIST_FILE = YES;
				INFOPLIST_KEY_NSHumanReadableCopyright = "";
				LD_RUNPATH_SEARCH_PATHS = (
					"$(inherited)",
					"@executable_path/../Frameworks",
				);
				MARKETING_VERSION = 1.0;
				PRODUCT_BUNDLE_IDENTIFIER = com.nulltwenty.OnThisDay;
				PRODUCT_NAME = "$(TARGET_NAME)";
				SWIFT_EMIT_LOC_STRINGS = YES;
				SWIFT_VERSION = 5.0;
			};
			name = Debug;
		};
		32CE02792829636D00EFD22C /* Release */ = {
			isa = XCBuildConfiguration;
			buildSettings = {
				ASSETCATALOG_COMPILER_APPICON_NAME = AppIcon;
				ASSETCATALOG_COMPILER_GLOBAL_ACCENT_COLOR_NAME = AccentColor;
				CODE_SIGN_ENTITLEMENTS = OnThisDay/OnThisDay.entitlements;
				CODE_SIGN_STYLE = Automatic;
				COMBINE_HIDPI_IMAGES = YES;
				CURRENT_PROJECT_VERSION = 1;
				DEVELOPMENT_ASSET_PATHS = "\"OnThisDay/Preview Content\"";
				DEVELOPMENT_TEAM = 2357A78TMR;
				ENABLE_HARDENED_RUNTIME = YES;
				ENABLE_PREVIEWS = YES;
				GENERATE_INFOPLIST_FILE = YES;
				INFOPLIST_KEY_NSHumanReadableCopyright = "";
				LD_RUNPATH_SEARCH_PATHS = (
					"$(inherited)",
					"@executable_path/../Frameworks",
				);
				MARKETING_VERSION = 1.0;
				PRODUCT_BUNDLE_IDENTIFIER = com.nulltwenty.OnThisDay;
				PRODUCT_NAME = "$(TARGET_NAME)";
				SWIFT_EMIT_LOC_STRINGS = YES;
				SWIFT_VERSION = 5.0;
			};
			name = Release;
		};
/* End XCBuildConfiguration section */

/* Begin XCConfigurationList section */
		32CE02632829636C00EFD22C /* Build configuration list for PBXProject "OnThisDay" */ = {
			isa = XCConfigurationList;
			buildConfigurations = (
				32CE02752829636D00EFD22C /* Debug */,
				32CE02762829636D00EFD22C /* Release */,
			);
			defaultConfigurationIsVisible = 0;
			defaultConfigurationName = Release;
		};
		32CE02772829636D00EFD22C /* Build configuration list for PBXNativeTarget "OnThisDay" */ = {
			isa = XCConfigurationList;
			buildConfigurations = (
				32CE02782829636D00EFD22C /* Debug */,
				32CE02792829636D00EFD22C /* Release */,
			);
			defaultConfigurationIsVisible = 0;
			defaultConfigurationName = Release;
		};
/* End XCConfigurationList section */
	};
	rootObject = 32CE02602829636C00EFD22C /* Project object */;
}
